
Microsoft Visual Studio Solution File, Format Version 12.00
# Visual Studio Version 16
VisualStudioVersion = 16.0.31025.194
MinimumVisualStudioVersion = 10.0.40219.1
Project("{FAE04EC0-301F-11D3-BF4B-00C04F79EFBC}") = "FFMpeg_video_converter", "FFMpeg_video_converter\FFMpeg_video_converter.csproj", "{4106D5CF-CEE6-4C40-AC79-5589BC75DD36}"
EndProject
Global
	GlobalSection(SolutionConfigurationPlatforms) = preSolution
		Debug|Any CPU = Debug|Any CPU
		Release|Any CPU = Release|Any CPU
	EndGlobalSection
	GlobalSection(ProjectConfigurationPlatforms) = postSolution
		{4106D5CF-CEE6-4C40-AC79-5589BC75DD36}.Debug|Any CPU.ActiveCfg = Debug|Any CPU
		{4106D5CF-CEE6-4C40-AC79-5589BC75DD36}.Debug|Any CPU.Build.0 = Debug|Any CPU
		{4106D5CF-CEE6-4C40-AC79-5589BC75DD36}.Release|Any CPU.ActiveCfg = Release|Any CPU
		{4106D5CF-CEE6-4C40-AC79-5589BC75DD36}.Release|Any CPU.Build.0 = Release|Any CPU
	EndGlobalSection
	GlobalSection(SolutionProperties) = preSolution
		HideSolutionNode = FALSE
	EndGlobalSection
	GlobalSection(ExtensibilityGlobals) = postSolution
		SolutionGuid = {4EEB7A26-4560-4DC0-AA76-446A78F2BCCE}
	EndGlobalSection
EndGlobal
